// !$*UTF8*$!
{
	archiveVersion = 1;
	classes = {
	};
	objectVersion = 46;
	objects = {

/* Begin PBXBuildFile section */
		006325E21E78B3770099E478 /* AppDelegate.swift in Sources */ = {isa = PBXBuildFile; fileRef = 006325E11E78B3770099E478 /* AppDelegate.swift */; };
		006325E41E78B3770099E478 /* ViewController.swift in Sources */ = {isa = PBXBuildFile; fileRef = 006325E31E78B3770099E478 /* ViewController.swift */; };
		006325E71E78B3770099E478 /* Main.storyboard in Resources */ = {isa = PBXBuildFile; fileRef = 006325E51E78B3770099E478 /* Main.storyboard */; };
		006325E91E78B3770099E478 /* Assets.xcassets in Resources */ = {isa = PBXBuildFile; fileRef = 006325E81E78B3770099E478 /* Assets.xcassets */; };
		006325EC1E78B3770099E478 /* LaunchScreen.storyboard in Resources */ = {isa = PBXBuildFile; fileRef = 006325EA1E78B3770099E478 /* LaunchScreen.storyboard */; };
		006325F71E78B3770099E478 /* SwiftMind_testTests.swift in Sources */ = {isa = PBXBuildFile; fileRef = 006325F61E78B3770099E478 /* SwiftMind_testTests.swift */; };
		006326021E78B3770099E478 /* SwiftMind_testUITests.swift in Sources */ = {isa = PBXBuildFile; fileRef = 006326011E78B3770099E478 /* SwiftMind_testUITests.swift */; };
		006326101E78B37E0099E478 /* SwiftMind.swift in Sources */ = {isa = PBXBuildFile; fileRef = 0063260F1E78B37E0099E478 /* SwiftMind.swift */; };
		006326121E78B3B60099E478 /* NNMath.swift in Sources */ = {isa = PBXBuildFile; fileRef = 006326111E78B3B60099E478 /* NNMath.swift */; };
/* End PBXBuildFile section */

/* Begin PBXContainerItemProxy section */
		006325F31E78B3770099E478 /* PBXContainerItemProxy */ = {
			isa = PBXContainerItemProxy;
			containerPortal = 006325D61E78B3770099E478 /* Project object */;
			proxyType = 1;
			remoteGlobalIDString = 006325DD1E78B3770099E478;
			remoteInfo = "SwiftMind-test";
		};
		006325FE1E78B3770099E478 /* PBXContainerItemProxy */ = {
			isa = PBXContainerItemProxy;
			containerPortal = 006325D61E78B3770099E478 /* Project object */;
			proxyType = 1;
			remoteGlobalIDString = 006325DD1E78B3770099E478;
			remoteInfo = "SwiftMind-test";
		};
/* End PBXContainerItemProxy section */

/* Begin PBXFileReference section */
		006325DE1E78B3770099E478 /* SwiftMind-test.app */ = {isa = PBXFileReference; explicitFileType = wrapper.application; includeInIndex = 0; path = "SwiftMind-test.app"; sourceTree = BUILT_PRODUCTS_DIR; };
		006325E11E78B3770099E478 /* AppDelegate.swift */ = {isa = PBXFileReference; lastKnownFileType = sourcecode.swift; path = AppDelegate.swift; sourceTree = "<group>"; };
		006325E31E78B3770099E478 /* ViewController.swift */ = {isa = PBXFileReference; lastKnownFileType = sourcecode.swift; path = ViewController.swift; sourceTree = "<group>"; };
		006325E61E78B3770099E478 /* Base */ = {isa = PBXFileReference; lastKnownFileType = file.storyboard; name = Base; path = Base.lproj/Main.storyboard; sourceTree = "<group>"; };
		006325E81E78B3770099E478 /* Assets.xcassets */ = {isa = PBXFileReference; lastKnownFileType = folder.assetcatalog; path = Assets.xcassets; sourceTree = "<group>"; };
		006325EB1E78B3770099E478 /* Base */ = {isa = PBXFileReference; lastKnownFileType = file.storyboard; name = Base; path = Base.lproj/LaunchScreen.storyboard; sourceTree = "<group>"; };
		006325ED1E78B3770099E478 /* Info.plist */ = {isa = PBXFileReference; lastKnownFileType = text.plist.xml; path = Info.plist; sourceTree = "<group>"; };
		006325F21E78B3770099E478 /* SwiftMind-testTests.xctest */ = {isa = PBXFileReference; explicitFileType = wrapper.cfbundle; includeInIndex = 0; path = "SwiftMind-testTests.xctest"; sourceTree = BUILT_PRODUCTS_DIR; };
		006325F61E78B3770099E478 /* SwiftMind_testTests.swift */ = {isa = PBXFileReference; lastKnownFileType = sourcecode.swift; path = SwiftMind_testTests.swift; sourceTree = "<group>"; };
		006325F81E78B3770099E478 /* Info.plist */ = {isa = PBXFileReference; lastKnownFileType = text.plist.xml; path = Info.plist; sourceTree = "<group>"; };
		006325FD1E78B3770099E478 /* SwiftMind-testUITests.xctest */ = {isa = PBXFileReference; explicitFileType = wrapper.cfbundle; includeInIndex = 0; path = "SwiftMind-testUITests.xctest"; sourceTree = BUILT_PRODUCTS_DIR; };
		006326011E78B3770099E478 /* SwiftMind_testUITests.swift */ = {isa = PBXFileReference; lastKnownFileType = sourcecode.swift; path = SwiftMind_testUITests.swift; sourceTree = "<group>"; };
		006326031E78B3770099E478 /* Info.plist */ = {isa = PBXFileReference; lastKnownFileType = text.plist.xml; path = Info.plist; sourceTree = "<group>"; };
		0063260F1E78B37E0099E478 /* SwiftMind.swift */ = {isa = PBXFileReference; fileEncoding = 4; lastKnownFileType = sourcecode.swift; path = SwiftMind.swift; sourceTree = "<group>"; };
		006326111E78B3B60099E478 /* NNMath.swift */ = {isa = PBXFileReference; fileEncoding = 4; lastKnownFileType = sourcecode.swift; path = NNMath.swift; sourceTree = "<group>"; };
/* End PBXFileReference section */

/* Begin PBXFrameworksBuildPhase section */
		006325DB1E78B3770099E478 /* Frameworks */ = {
			isa = PBXFrameworksBuildPhase;
			buildActionMask = 2147483647;
			files = (
			);
			runOnlyForDeploymentPostprocessing = 0;
		};
		006325EF1E78B3770099E478 /* Frameworks */ = {
			isa = PBXFrameworksBuildPhase;
			buildActionMask = 2147483647;
			files = (
			);
			runOnlyForDeploymentPostprocessing = 0;
		};
		006325FA1E78B3770099E478 /* Frameworks */ = {
			isa = PBXFrameworksBuildPhase;
			buildActionMask = 2147483647;
			files = (
			);
			runOnlyForDeploymentPostprocessing = 0;
		};
/* End PBXFrameworksBuildPhase section */

/* Begin PBXGroup section */
		006325D51E78B3770099E478 = {
			isa = PBXGroup;
			children = (
				006325E01E78B3770099E478 /* SwiftMind-test */,
				006325F51E78B3770099E478 /* SwiftMind-testTests */,
				006326001E78B3770099E478 /* SwiftMind-testUITests */,
				006325DF1E78B3770099E478 /* Products */,
			);
			sourceTree = "<group>";
		};
		006325DF1E78B3770099E478 /* Products */ = {
			isa = PBXGroup;
			children = (
				006325DE1E78B3770099E478 /* SwiftMind-test.app */,
				006325F21E78B3770099E478 /* SwiftMind-testTests.xctest */,
				006325FD1E78B3770099E478 /* SwiftMind-testUITests.xctest */,
			);
			name = Products;
			sourceTree = "<group>";
		};
		006325E01E78B3770099E478 /* SwiftMind-test */ = {
			isa = PBXGroup;
			children = (
				006325E11E78B3770099E478 /* AppDelegate.swift */,
				006325E31E78B3770099E478 /* ViewController.swift */,
				006325E51E78B3770099E478 /* Main.storyboard */,
				006326111E78B3B60099E478 /* NNMath.swift */,
				0063260F1E78B37E0099E478 /* SwiftMind.swift */,
				006325E81E78B3770099E478 /* Assets.xcassets */,
				006325EA1E78B3770099E478 /* LaunchScreen.storyboard */,
				006325ED1E78B3770099E478 /* Info.plist */,
			);
			path = "SwiftMind-test";
			sourceTree = "<group>";
		};
		006325F51E78B3770099E478 /* SwiftMind-testTests */ = {
			isa = PBXGroup;
			children = (
				006325F61E78B3770099E478 /* SwiftMind_testTests.swift */,
				006325F81E78B3770099E478 /* Info.plist */,
			);
			path = "SwiftMind-testTests";
			sourceTree = "<group>";
		};
		006326001E78B3770099E478 /* SwiftMind-testUITests */ = {
			isa = PBXGroup;
			children = (
				006326011E78B3770099E478 /* SwiftMind_testUITests.swift */,
				006326031E78B3770099E478 /* Info.plist */,
			);
			path = "SwiftMind-testUITests";
			sourceTree = "<group>";
		};
/* End PBXGroup section */

/* Begin PBXNativeTarget section */
		006325DD1E78B3770099E478 /* SwiftMind-test */ = {
			isa = PBXNativeTarget;
			buildConfigurationList = 006326061E78B3770099E478 /* Build configuration list for PBXNativeTarget "SwiftMind-test" */;
			buildPhases = (
				006325DA1E78B3770099E478 /* Sources */,
				006325DB1E78B3770099E478 /* Frameworks */,
				006325DC1E78B3770099E478 /* Resources */,
			);
			buildRules = (
			);
			dependencies = (
			);
			name = "SwiftMind-test";
			productName = "SwiftMind-test";
			productReference = 006325DE1E78B3770099E478 /* SwiftMind-test.app */;
			productType = "com.apple.product-type.application";
		};
		006325F11E78B3770099E478 /* SwiftMind-testTests */ = {
			isa = PBXNativeTarget;
			buildConfigurationList = 006326091E78B3770099E478 /* Build configuration list for PBXNativeTarget "SwiftMind-testTests" */;
			buildPhases = (
				006325EE1E78B3770099E478 /* Sources */,
				006325EF1E78B3770099E478 /* Frameworks */,
				006325F01E78B3770099E478 /* Resources */,
			);
			buildRules = (
			);
			dependencies = (
				006325F41E78B3770099E478 /* PBXTargetDependency */,
			);
			name = "SwiftMind-testTests";
			productName = "SwiftMind-testTests";
			productReference = 006325F21E78B3770099E478 /* SwiftMind-testTests.xctest */;
			productType = "com.apple.product-type.bundle.unit-test";
		};
		006325FC1E78B3770099E478 /* SwiftMind-testUITests */ = {
			isa = PBXNativeTarget;
			buildConfigurationList = 0063260C1E78B3770099E478 /* Build configuration list for PBXNativeTarget "SwiftMind-testUITests" */;
			buildPhases = (
				006325F91E78B3770099E478 /* Sources */,
				006325FA1E78B3770099E478 /* Frameworks */,
				006325FB1E78B3770099E478 /* Resources */,
			);
			buildRules = (
			);
			dependencies = (
				006325FF1E78B3770099E478 /* PBXTargetDependency */,
			);
			name = "SwiftMind-testUITests";
			productName = "SwiftMind-testUITests";
			productReference = 006325FD1E78B3770099E478 /* SwiftMind-testUITests.xctest */;
			productType = "com.apple.product-type.bundle.ui-testing";
		};
/* End PBXNativeTarget section */

/* Begin PBXProject section */
		006325D61E78B3770099E478 /* Project object */ = {
			isa = PBXProject;
			attributes = {
				LastSwiftUpdateCheck = 0830;
				LastUpgradeCheck = 0830;
				ORGANIZATIONNAME = "Yongyang Nie";
				TargetAttributes = {
					006325DD1E78B3770099E478 = {
						CreatedOnToolsVersion = 8.3;
						DevelopmentTeam = 8NZ8K5GNH8;
						ProvisioningStyle = Automatic;
					};
					006325F11E78B3770099E478 = {
						CreatedOnToolsVersion = 8.3;
						DevelopmentTeam = 8NZ8K5GNH8;
						ProvisioningStyle = Automatic;
						TestTargetID = 006325DD1E78B3770099E478;
					};
					006325FC1E78B3770099E478 = {
						CreatedOnToolsVersion = 8.3;
						DevelopmentTeam = 8NZ8K5GNH8;
						ProvisioningStyle = Automatic;
						TestTargetID = 006325DD1E78B3770099E478;
					};
				};
			};
			buildConfigurationList = 006325D91E78B3770099E478 /* Build configuration list for PBXProject "SwiftMind-test" */;
			compatibilityVersion = "Xcode 3.2";
			developmentRegion = English;
			hasScannedForEncodings = 0;
			knownRegions = (
				en,
				Base,
			);
			mainGroup = 006325D51E78B3770099E478;
			productRefGroup = 006325DF1E78B3770099E478 /* Products */;
			projectDirPath = "";
			projectRoot = "";
			targets = (
				006325DD1E78B3770099E478 /* SwiftMind-test */,
				006325F11E78B3770099E478 /* SwiftMind-testTests */,
				006325FC1E78B3770099E478 /* SwiftMind-testUITests */,
			);
		};
/* End PBXProject section */

/* Begin PBXResourcesBuildPhase section */
		006325DC1E78B3770099E478 /* Resources */ = {
			isa = PBXResourcesBuildPhase;
			buildActionMask = 2147483647;
			files = (
				006325EC1E78B3770099E478 /* LaunchScreen.storyboard in Resources */,
				006325E91E78B3770099E478 /* Assets.xcassets in Resources */,
				006325E71E78B3770099E478 /* Main.storyboard in Resources */,
			);
			runOnlyForDeploymentPostprocessing = 0;
		};
		006325F01E78B3770099E478 /* Resources */ = {
			isa = PBXResourcesBuildPhase;
			buildActionMask = 2147483647;
			files = (
			);
			runOnlyForDeploymentPostprocessing = 0;
		};
		006325FB1E78B3770099E478 /* Resources */ = {
			isa = PBXResourcesBuildPhase;
			buildActionMask = 2147483647;
			files = (
			);
			runOnlyForDeploymentPostprocessing = 0;
		};
/* End PBXResourcesBuildPhase section */

/* Begin PBXSourcesBuildPhase section */
		006325DA1E78B3770099E478 /* Sources */ = {
			isa = PBXSourcesBuildPhase;
			buildActionMask = 2147483647;
			files = (
				006326101E78B37E0099E478 /* SwiftMind.swift in Sources */,
				006326121E78B3B60099E478 /* NNMath.swift in Sources */,
				006325E41E78B3770099E478 /* ViewController.swift in Sources */,
				006325E21E78B3770099E478 /* AppDelegate.swift in Sources */,
			);
			runOnlyForDeploymentPostprocessing = 0;
		};
		006325EE1E78B3770099E478 /* Sources */ = {
			isa = PBXSourcesBuildPhase;
			buildActionMask = 2147483647;
			files = (
				006325F71E78B3770099E478 /* SwiftMind_testTests.swift in Sources */,
			);
			runOnlyForDeploymentPostprocessing = 0;
		};
		006325F91E78B3770099E478 /* Sources */ = {
			isa = PBXSourcesBuildPhase;
			buildActionMask = 2147483647;
			files = (
				006326021E78B3770099E478 /* SwiftMind_testUITests.swift in Sources */,
			);
			runOnlyForDeploymentPostprocessing = 0;
		};
/* End PBXSourcesBuildPhase section */

/* Begin PBXTargetDependency section */
		006325F41E78B3770099E478 /* PBXTargetDependency */ = {
			isa = PBXTargetDependency;
			target = 006325DD1E78B3770099E478 /* SwiftMind-test */;
			targetProxy = 006325F31E78B3770099E478 /* PBXContainerItemProxy */;
		};
		006325FF1E78B3770099E478 /* PBXTargetDependency */ = {
			isa = PBXTargetDependency;
			target = 006325DD1E78B3770099E478 /* SwiftMind-test */;
			targetProxy = 006325FE1E78B3770099E478 /* PBXContainerItemProxy */;
		};
/* End PBXTargetDependency section */

/* Begin PBXVariantGroup section */
		006325E51E78B3770099E478 /* Main.storyboard */ = {
			isa = PBXVariantGroup;
			children = (
				006325E61E78B3770099E478 /* Base */,
			);
			name = Main.storyboard;
			sourceTree = "<group>";
		};
		006325EA1E78B3770099E478 /* LaunchScreen.storyboard */ = {
			isa = PBXVariantGroup;
			children = (
				006325EB1E78B3770099E478 /* Base */,
			);
			name = LaunchScreen.storyboard;
			sourceTree = "<group>";
		};
/* End PBXVariantGroup section */

/* Begin XCBuildConfiguration section */
		006326041E78B3770099E478 /* Debug */ = {
			isa = XCBuildConfiguration;
			buildSettings = {
				ALWAYS_SEARCH_USER_PATHS = NO;
				CLANG_ANALYZER_NONNULL = YES;
				CLANG_ANALYZER_NUMBER_OBJECT_CONVERSION = YES_AGGRESSIVE;
				CLANG_CXX_LANGUAGE_STANDARD = "gnu++0x";
				CLANG_CXX_LIBRARY = "libc++";
				CLANG_ENABLE_MODULES = YES;
				CLANG_ENABLE_OBJC_ARC = YES;
				CLANG_WARN_BOOL_CONVERSION = YES;
				CLANG_WARN_CONSTANT_CONVERSION = YES;
				CLANG_WARN_DIRECT_OBJC_ISA_USAGE = YES_ERROR;
				CLANG_WARN_DOCUMENTATION_COMMENTS = YES;
				CLANG_WARN_EMPTY_BODY = YES;
				CLANG_WARN_ENUM_CONVERSION = YES;
				CLANG_WARN_INFINITE_RECURSION = YES;
				CLANG_WARN_INT_CONVERSION = YES;
				CLANG_WARN_OBJC_ROOT_CLASS = YES_ERROR;
				CLANG_WARN_SUSPICIOUS_MOVE = YES;
				CLANG_WARN_UNREACHABLE_CODE = YES;
				CLANG_WARN__DUPLICATE_METHOD_MATCH = YES;
				"CODE_SIGN_IDENTITY[sdk=iphoneos*]" = "iPhone Developer";
				COPY_PHASE_STRIP = NO;
				DEBUG_INFORMATION_FORMAT = dwarf;
				ENABLE_STRICT_OBJC_MSGSEND = YES;
				ENABLE_TESTABILITY = YES;
				GCC_C_LANGUAGE_STANDARD = gnu99;
				GCC_DYNAMIC_NO_PIC = NO;
				GCC_NO_COMMON_BLOCKS = YES;
				GCC_OPTIMIZATION_LEVEL = 0;
				GCC_PREPROCESSOR_DEFINITIONS = (
					"DEBUG=1",
					"$(inherited)",
				);
				GCC_WARN_64_TO_32_BIT_CONVERSION = YES;
				GCC_WARN_ABOUT_RETURN_TYPE = YES_ERROR;
				GCC_WARN_UNDECLARED_SELECTOR = YES;
				GCC_WARN_UNINITIALIZED_AUTOS = YES_AGGRESSIVE;
				GCC_WARN_UNUSED_FUNCTION = YES;
				GCC_WARN_UNUSED_VARIABLE = YES;
				IPHONEOS_DEPLOYMENT_TARGET = 10.3;
				MTL_ENABLE_DEBUG_INFO = YES;
				ONLY_ACTIVE_ARCH = YES;
				SDKROOT = iphoneos;
				SWIFT_ACTIVE_COMPILATION_CONDITIONS = DEBUG;
				SWIFT_OPTIMIZATION_LEVEL = "-Onone";
				TARGETED_DEVICE_FAMILY = "1,2";
			};
			name = Debug;
		};
		006326051E78B3770099E478 /* Release */ = {
			isa = XCBuildConfiguration;
			buildSettings = {
				ALWAYS_SEARCH_USER_PATHS = NO;
				CLANG_ANALYZER_NONNULL = YES;
				CLANG_ANALYZER_NUMBER_OBJECT_CONVERSION = YES_AGGRESSIVE;
				CLANG_CXX_LANGUAGE_STANDARD = "gnu++0x";
				CLANG_CXX_LIBRARY = "libc++";
				CLANG_ENABLE_MODULES = YES;
				CLANG_ENABLE_OBJC_ARC = YES;
				CLANG_WARN_BOOL_CONVERSION = YES;
				CLANG_WARN_CONSTANT_CONVERSION = YES;
				CLANG_WARN_DIRECT_OBJC_ISA_USAGE = YES_ERROR;
				CLANG_WARN_DOCUMENTATION_COMMENTS = YES;
				CLANG_WARN_EMPTY_BODY = YES;
				CLANG_WARN_ENUM_CONVERSION = YES;
				CLANG_WARN_INFINITE_RECURSION = YES;
				CLANG_WARN_INT_CONVERSION = YES;
				CLANG_WARN_OBJC_ROOT_CLASS = YES_ERROR;
				CLANG_WARN_SUSPICIOUS_MOVE = YES;
				CLANG_WARN_UNREACHABLE_CODE = YES;
				CLANG_WARN__DUPLICATE_METHOD_MATCH = YES;
				"CODE_SIGN_IDENTITY[sdk=iphoneos*]" = "iPhone Developer";
				COPY_PHASE_STRIP = NO;
				DEBUG_INFORMATION_FORMAT = "dwarf-with-dsym";
				ENABLE_NS_ASSERTIONS = NO;
				ENABLE_STRICT_OBJC_MSGSEND = YES;
				GCC_C_LANGUAGE_STANDARD = gnu99;
				GCC_NO_COMMON_BLOCKS = YES;
				GCC_WARN_64_TO_32_BIT_CONVERSION = YES;
				GCC_WARN_ABOUT_RETURN_TYPE = YES_ERROR;
				GCC_WARN_UNDECLARED_SELECTOR = YES;
				GCC_WARN_UNINITIALIZED_AUTOS = YES_AGGRESSIVE;
				GCC_WARN_UNUSED_FUNCTION = YES;
				GCC_WARN_UNUSED_VARIABLE = YES;
				IPHONEOS_DEPLOYMENT_TARGET = 10.3;
				MTL_ENABLE_DEBUG_INFO = NO;
				SDKROOT = iphoneos;
				SWIFT_OPTIMIZATION_LEVEL = "-Owholemodule";
				TARGETED_DEVICE_FAMILY = "1,2";
				VALIDATE_PRODUCT = YES;
			};
			name = Release;
		};
		006326071E78B3770099E478 /* Debug */ = {
			isa = XCBuildConfiguration;
			buildSettings = {
				ASSETCATALOG_COMPILER_APPICON_NAME = AppIcon;
				DEVELOPMENT_TEAM = 8NZ8K5GNH8;
				INFOPLIST_FILE = "SwiftMind-test/Info.plist";
				LD_RUNPATH_SEARCH_PATHS = "$(inherited) @executable_path/Frameworks";
				PRODUCT_BUNDLE_IDENTIFIER = "com.yongyang.SwiftMind-test";
				PRODUCT_NAME = "$(TARGET_NAME)";
				SWIFT_VERSION = 3.0;
			};
			name = Debug;
		};
		006326081E78B3770099E478 /* Release */ = {
			isa = XCBuildConfiguration;
			buildSettings = {
				ASSETCATALOG_COMPILER_APPICON_NAME = AppIcon;
				DEVELOPMENT_TEAM = 8NZ8K5GNH8;
				INFOPLIST_FILE = "SwiftMind-test/Info.plist";
				LD_RUNPATH_SEARCH_PATHS = "$(inherited) @executable_path/Frameworks";
				PRODUCT_BUNDLE_IDENTIFIER = "com.yongyang.SwiftMind-test";
				PRODUCT_NAME = "$(TARGET_NAME)";
				SWIFT_VERSION = 3.0;
			};
			name = Release;
		};
		0063260A1E78B3770099E478 /* Debug */ = {
			isa = XCBuildConfiguration;
			buildSettings = {
				ALWAYS_EMBED_SWIFT_STANDARD_LIBRARIES = YES;
				BUNDLE_LOADER = "$(TEST_HOST)";
				DEVELOPMENT_TEAM = 8NZ8K5GNH8;
				INFOPLIST_FILE = "SwiftMind-testTests/Info.plist";
				LD_RUNPATH_SEARCH_PATHS = "$(inherited) @executable_path/Frameworks @loader_path/Frameworks";
				PRODUCT_BUNDLE_IDENTIFIER = "com.yongyang.SwiftMind-testTests";
				PRODUCT_NAME = "$(TARGET_NAME)";
				SWIFT_VERSION = 3.0;
				TEST_HOST = "$(BUILT_PRODUCTS_DIR)/SwiftMind-test.app/SwiftMind-test";
			};
			name = Debug;
		};
		0063260B1E78B3770099E478 /* Release */ = {
			isa = XCBuildConfiguration;
			buildSettings = {
				ALWAYS_EMBED_SWIFT_STANDARD_LIBRARIES = YES;
				BUNDLE_LOADER = "$(TEST_HOST)";
				DEVELOPMENT_TEAM = 8NZ8K5GNH8;
				INFOPLIST_FILE = "SwiftMind-testTests/Info.plist";
				LD_RUNPATH_SEARCH_PATHS = "$(inherited) @executable_path/Frameworks @loader_path/Frameworks";
				PRODUCT_BUNDLE_IDENTIFIER = "com.yongyang.SwiftMind-testTests";
				PRODUCT_NAME = "$(TARGET_NAME)";
				SWIFT_VERSION = 3.0;
				TEST_HOST = "$(BUILT_PRODUCTS_DIR)/SwiftMind-test.app/SwiftMind-test";
			};
			name = Release;
		};
		0063260D1E78B3770099E478 /* Debug */ = {
			isa = XCBuildConfiguration;
			buildSettings = {
				ALWAYS_EMBED_SWIFT_STANDARD_LIBRARIES = YES;
				DEVELOPMENT_TEAM = 8NZ8K5GNH8;
				INFOPLIST_FILE = "SwiftMind-testUITests/Info.plist";
				LD_RUNPATH_SEARCH_PATHS = "$(inherited) @executable_path/Frameworks @loader_path/Frameworks";
				PRODUCT_BUNDLE_IDENTIFIER = "com.yongyang.SwiftMind-testUITests";
				PRODUCT_NAME = "$(TARGET_NAME)";
				SWIFT_VERSION = 3.0;
				TEST_TARGET_NAME = "SwiftMind-test";
			};
			name = Debug;
		};
		0063260E1E78B3770099E478 /* Release */ = {
			isa = XCBuildConfiguration;
			buildSettings = {
				ALWAYS_EMBED_SWIFT_STANDARD_LIBRARIES = YES;
				DEVELOPMENT_TEAM = 8NZ8K5GNH8;
				INFOPLIST_FILE = "SwiftMind-testUITests/Info.plist";
				LD_RUNPATH_SEARCH_PATHS = "$(inherited) @executable_path/Frameworks @loader_path/Frameworks";
				PRODUCT_BUNDLE_IDENTIFIER = "com.yongyang.SwiftMind-testUITests";
				PRODUCT_NAME = "$(TARGET_NAME)";
				SWIFT_VERSION = 3.0;
				TEST_TARGET_NAME = "SwiftMind-test";
			};
			name = Release;
		};
/* End XCBuildConfiguration section */

/* Begin XCConfigurationList section */
		006325D91E78B3770099E478 /* Build configuration list for PBXProject "SwiftMind-test" */ = {
			isa = XCConfigurationList;
			buildConfigurations = (
				006326041E78B3770099E478 /* Debug */,
				006326051E78B3770099E478 /* Release */,
			);
			defaultConfigurationIsVisible = 0;
			defaultConfigurationName = Release;
		};
		006326061E78B3770099E478 /* Build configuration list for PBXNativeTarget "SwiftMind-test" */ = {
			isa = XCConfigurationList;
			buildConfigurations = (
				006326071E78B3770099E478 /* Debug */,
				006326081E78B3770099E478 /* Release */,
			);
			defaultConfigurationIsVisible = 0;
			defaultConfigurationName = Release;
		};
		006326091E78B3770099E478 /* Build configuration list for PBXNativeTarget "SwiftMind-testTests" */ = {
			isa = XCConfigurationList;
			buildConfigurations = (
				0063260A1E78B3770099E478 /* Debug */,
				0063260B1E78B3770099E478 /* Release */,
			);
			defaultConfigurationIsVisible = 0;
			defaultConfigurationName = Release;
		};
		0063260C1E78B3770099E478 /* Build configuration list for PBXNativeTarget "SwiftMind-testUITests" */ = {
			isa = XCConfigurationList;
			buildConfigurations = (
				0063260D1E78B3770099E478 /* Debug */,
				0063260E1E78B3770099E478 /* Release */,
			);
			defaultConfigurationIsVisible = 0;
			defaultConfigurationName = Release;
		};
/* End XCConfigurationList section */
	};
	rootObject = 006325D61E78B3770099E478 /* Project object */;
}
